
Microsoft Visual Studio Solution File, Format Version 12.00
# Visual Studio Version 17
VisualStudioVersion = 17.7.34202.233
MinimumVisualStudioVersion = 10.0.40219.1
Project("{9A19103F-16F7-4668-BE54-9A1E7A4F7556}") = "12.Event", "12.Event.csproj", "{26C1B7D7-F042-498D-A752-AD273D1C413E}"
EndProject
Global
	GlobalSection(SolutionConfigurationPlatforms) = preSolution
		Debug|Any CPU = Debug|Any CPU
		Release|Any CPU = Release|Any CPU
	EndGlobalSection
	GlobalSection(ProjectConfigurationPlatforms) = postSolution
		{26C1B7D7-F042-498D-A752-AD273D1C413E}.Debug|Any CPU.ActiveCfg = Debug|Any CPU
		{26C1B7D7-F042-498D-A752-AD273D1C413E}.Debug|Any CPU.Build.0 = Debug|Any CPU
		{26C1B7D7-F042-498D-A752-AD273D1C413E}.Release|Any CPU.ActiveCfg = Release|Any CPU
		{26C1B7D7-F042-498D-A752-AD273D1C413E}.Release|Any CPU.Build.0 = Release|Any CPU
	EndGlobalSection
	GlobalSection(SolutionProperties) = preSolution
		HideSolutionNode = FALSE
	EndGlobalSection
	GlobalSection(ExtensibilityGlobals) = postSolution
		SolutionGuid = {8792C87D-5C22-46F0-BA06-B15AFEDF2702}
	EndGlobalSection
EndGlobal
