
Microsoft Visual Studio Solution File, Format Version 12.00
# Visual Studio Version 17
VisualStudioVersion = 17.5.33530.505
MinimumVisualStudioVersion = 10.0.40219.1
Project("{8BC9CEB8-8B4A-11D0-8D11-00A0C91BC942}") = "00.myfirstProject", "myfirstProject\myfirstProject.vcxproj", "{3DB6B390-9B0C-4895-974A-9650A169C812}"
EndProject
Project("{8BC9CEB8-8B4A-11D0-8D11-00A0C91BC942}") = "01. datatype", "01. datatype\01. datatype.vcxproj", "{356A9612-E6D6-4BF1-9071-C449743D61AD}"
EndProject
Project("{8BC9CEB8-8B4A-11D0-8D11-00A0C91BC942}") = "CharacterSelect", "CharacterSelect\CharacterSelect.vcxproj", "{085F5924-0EF5-4AD9-880D-54551A778DF6}"
EndProject
Project("{8BC9CEB8-8B4A-11D0-8D11-00A0C91BC942}") = "02.Operator", "Operator\Operator.vcxproj", "{48ADB9BD-5D5A-49CF-80A9-43009C1DBA15}"
EndProject
Project("{8BC9CEB8-8B4A-11D0-8D11-00A0C91BC942}") = "SkillDamage", "SkillDamage\SkillDamage.vcxproj", "{DA298431-8A4D-41DB-8ED5-BB00C2D42D2E}"
EndProject
Project("{8BC9CEB8-8B4A-11D0-8D11-00A0C91BC942}") = "03.Conditional", "Conditional\Conditional.vcxproj", "{1E084341-44A6-442A-831A-F33EB107D2E5}"
EndProject
Project("{8BC9CEB8-8B4A-11D0-8D11-00A0C91BC942}") = "04.Loop", "04.Loop\04.Loop.vcxproj", "{74BC9ABD-0102-4343-84AC-64304F633B3F}"
EndProject
Project("{8BC9CEB8-8B4A-11D0-8D11-00A0C91BC942}") = "Loop test", "Loop test\Loop test.vcxproj", "{0593D748-A67D-4E5F-941D-EC80928D79D6}"
EndProject
Project("{8BC9CEB8-8B4A-11D0-8D11-00A0C91BC942}") = "RockSissorsPapers", "RockSissorsPapers\RockSissorsPapers.vcxproj", "{E96870D6-D5D2-4C12-9881-01BD92520EB0}"
EndProject
Project("{8BC9CEB8-8B4A-11D0-8D11-00A0C91BC942}") = "05.Function", "05.Function\05.Function.vcxproj", "{A8871734-8F26-459F-986F-9CAB28599290}"
EndProject
Project("{8BC9CEB8-8B4A-11D0-8D11-00A0C91BC942}") = "ConsoleApplication1", "ConsoleApplication1\ConsoleApplication1.vcxproj", "{B4856064-932D-4F43-AEC4-CAF027EA618A}"
EndProject
Project("{8BC9CEB8-8B4A-11D0-8D11-00A0C91BC942}") = "06.Pointer", "06.Pointer\06.Pointer.vcxproj", "{152744E8-C2AD-452D-9F6F-597F3B922AB1}"
EndProject
Project("{8BC9CEB8-8B4A-11D0-8D11-00A0C91BC942}") = "07.Memory", "07.Memory\07.Memory.vcxproj", "{A2D43697-A699-4215-A7BE-F01EAFA0D4E9}"
EndProject
Project("{8BC9CEB8-8B4A-11D0-8D11-00A0C91BC942}") = "ConsoleApplication3", "ConsoleApplication3\ConsoleApplication3.vcxproj", "{1592628F-AF33-48E1-A0C0-D9E973848B22}"
EndProject
Project("{8BC9CEB8-8B4A-11D0-8D11-00A0C91BC942}") = "08.Array", "08.Array\08.Array.vcxproj", "{3DB2E711-33FB-46C3-80B6-08A24FB7FE30}"
EndProject
Project("{8BC9CEB8-8B4A-11D0-8D11-00A0C91BC942}") = "09.UserDefineType", "09.UserDefineType\09.UserDefineType.vcxproj", "{7F74C9AA-DA6F-40D5-B24B-D58400259A50}"
EndProject
Project("{8BC9CEB8-8B4A-11D0-8D11-00A0C91BC942}") = "other", "other\other.vcxproj", "{BC36609A-8B2A-4011-9B3C-1680095364AE}"
EndProject
Project("{8BC9CEB8-8B4A-11D0-8D11-00A0C91BC942}") = "ConsoleApplication4", "ConsoleApplication4\ConsoleApplication4.vcxproj", "{AD8C674B-4A2C-4FB4-8171-1597C41BB71C}"
EndProject
Project("{8BC9CEB8-8B4A-11D0-8D11-00A0C91BC942}") = "10. OOP", "10. OOP\10. OOP.vcxproj", "{FDE968A6-FE58-4C62-9B8C-148955EFB6E0}"
EndProject
Global
	GlobalSection(SolutionConfigurationPlatforms) = preSolution
		Debug|x64 = Debug|x64
		Debug|x86 = Debug|x86
		Release|x64 = Release|x64
		Release|x86 = Release|x86
	EndGlobalSection
	GlobalSection(ProjectConfigurationPlatforms) = postSolution
		{3DB6B390-9B0C-4895-974A-9650A169C812}.Debug|x64.ActiveCfg = Debug|x64
		{3DB6B390-9B0C-4895-974A-9650A169C812}.Debug|x64.Build.0 = Debug|x64
		{3DB6B390-9B0C-4895-974A-9650A169C812}.Debug|x86.ActiveCfg = Debug|Win32
		{3DB6B390-9B0C-4895-974A-9650A169C812}.Debug|x86.Build.0 = Debug|Win32
		{3DB6B390-9B0C-4895-974A-9650A169C812}.Release|x64.ActiveCfg = Release|x64
		{3DB6B390-9B0C-4895-974A-9650A169C812}.Release|x64.Build.0 = Release|x64
		{3DB6B390-9B0C-4895-974A-9650A169C812}.Release|x86.ActiveCfg = Release|Win32
		{3DB6B390-9B0C-4895-974A-9650A169C812}.Release|x86.Build.0 = Release|Win32
		{356A9612-E6D6-4BF1-9071-C449743D61AD}.Debug|x64.ActiveCfg = Debug|x64
		{356A9612-E6D6-4BF1-9071-C449743D61AD}.Debug|x64.Build.0 = Debug|x64
		{356A9612-E6D6-4BF1-9071-C449743D61AD}.Debug|x86.ActiveCfg = Debug|Win32
		{356A9612-E6D6-4BF1-9071-C449743D61AD}.Debug|x86.Build.0 = Debug|Win32
		{356A9612-E6D6-4BF1-9071-C449743D61AD}.Release|x64.ActiveCfg = Release|x64
		{356A9612-E6D6-4BF1-9071-C449743D61AD}.Release|x64.Build.0 = Release|x64
		{356A9612-E6D6-4BF1-9071-C449743D61AD}.Release|x86.ActiveCfg = Release|Win32
		{356A9612-E6D6-4BF1-9071-C449743D61AD}.Release|x86.Build.0 = Release|Win32
		{085F5924-0EF5-4AD9-880D-54551A778DF6}.Debug|x64.ActiveCfg = Debug|x64
		{085F5924-0EF5-4AD9-880D-54551A778DF6}.Debug|x64.Build.0 = Debug|x64
		{085F5924-0EF5-4AD9-880D-54551A778DF6}.Debug|x86.ActiveCfg = Debug|Win32
		{085F5924-0EF5-4AD9-880D-54551A778DF6}.Debug|x86.Build.0 = Debug|Win32
		{085F5924-0EF5-4AD9-880D-54551A778DF6}.Release|x64.ActiveCfg = Release|x64
		{085F5924-0EF5-4AD9-880D-54551A778DF6}.Release|x64.Build.0 = Release|x64
		{085F5924-0EF5-4AD9-880D-54551A778DF6}.Release|x86.ActiveCfg = Release|Win32
		{085F5924-0EF5-4AD9-880D-54551A778DF6}.Release|x86.Build.0 = Release|Win32
		{48ADB9BD-5D5A-49CF-80A9-43009C1DBA15}.Debug|x64.ActiveCfg = Debug|x64
		{48ADB9BD-5D5A-49CF-80A9-43009C1DBA15}.Debug|x64.Build.0 = Debug|x64
		{48ADB9BD-5D5A-49CF-80A9-43009C1DBA15}.Debug|x86.ActiveCfg = Debug|Win32
		{48ADB9BD-5D5A-49CF-80A9-43009C1DBA15}.Debug|x86.Build.0 = Debug|Win32
		{48ADB9BD-5D5A-49CF-80A9-43009C1DBA15}.Release|x64.ActiveCfg = Release|x64
		{48ADB9BD-5D5A-49CF-80A9-43009C1DBA15}.Release|x64.Build.0 = Release|x64
		{48ADB9BD-5D5A-49CF-80A9-43009C1DBA15}.Release|x86.ActiveCfg = Release|Win32
		{48ADB9BD-5D5A-49CF-80A9-43009C1DBA15}.Release|x86.Build.0 = Release|Win32
		{DA298431-8A4D-41DB-8ED5-BB00C2D42D2E}.Debug|x64.ActiveCfg = Debug|x64
		{DA298431-8A4D-41DB-8ED5-BB00C2D42D2E}.Debug|x64.Build.0 = Debug|x64
		{DA298431-8A4D-41DB-8ED5-BB00C2D42D2E}.Debug|x86.ActiveCfg = Debug|Win32
		{DA298431-8A4D-41DB-8ED5-BB00C2D42D2E}.Debug|x86.Build.0 = Debug|Win32
		{DA298431-8A4D-41DB-8ED5-BB00C2D42D2E}.Release|x64.ActiveCfg = Release|x64
		{DA298431-8A4D-41DB-8ED5-BB00C2D42D2E}.Release|x64.Build.0 = Release|x64
		{DA298431-8A4D-41DB-8ED5-BB00C2D42D2E}.Release|x86.ActiveCfg = Release|Win32
		{DA298431-8A4D-41DB-8ED5-BB00C2D42D2E}.Release|x86.Build.0 = Release|Win32
		{1E084341-44A6-442A-831A-F33EB107D2E5}.Debug|x64.ActiveCfg = Debug|x64
		{1E084341-44A6-442A-831A-F33EB107D2E5}.Debug|x64.Build.0 = Debug|x64
		{1E084341-44A6-442A-831A-F33EB107D2E5}.Debug|x86.ActiveCfg = Debug|Win32
		{1E084341-44A6-442A-831A-F33EB107D2E5}.Debug|x86.Build.0 = Debug|Win32
		{1E084341-44A6-442A-831A-F33EB107D2E5}.Release|x64.ActiveCfg = Release|x64
		{1E084341-44A6-442A-831A-F33EB107D2E5}.Release|x64.Build.0 = Release|x64
		{1E084341-44A6-442A-831A-F33EB107D2E5}.Release|x86.ActiveCfg = Release|Win32
		{1E084341-44A6-442A-831A-F33EB107D2E5}.Release|x86.Build.0 = Release|Win32
		{74BC9ABD-0102-4343-84AC-64304F633B3F}.Debug|x64.ActiveCfg = Debug|x64
		{74BC9ABD-0102-4343-84AC-64304F633B3F}.Debug|x64.Build.0 = Debug|x64
		{74BC9ABD-0102-4343-84AC-64304F633B3F}.Debug|x86.ActiveCfg = Debug|Win32
		{74BC9ABD-0102-4343-84AC-64304F633B3F}.Debug|x86.Build.0 = Debug|Win32
		{74BC9ABD-0102-4343-84AC-64304F633B3F}.Release|x64.ActiveCfg = Release|x64
		{74BC9ABD-0102-4343-84AC-64304F633B3F}.Release|x64.Build.0 = Release|x64
		{74BC9ABD-0102-4343-84AC-64304F633B3F}.Release|x86.ActiveCfg = Release|Win32
		{74BC9ABD-0102-4343-84AC-64304F633B3F}.Release|x86.Build.0 = Release|Win32
		{0593D748-A67D-4E5F-941D-EC80928D79D6}.Debug|x64.ActiveCfg = Debug|x64
		{0593D748-A67D-4E5F-941D-EC80928D79D6}.Debug|x64.Build.0 = Debug|x64
		{0593D748-A67D-4E5F-941D-EC80928D79D6}.Debug|x86.ActiveCfg = Debug|Win32
		{0593D748-A67D-4E5F-941D-EC80928D79D6}.Debug|x86.Build.0 = Debug|Win32
		{0593D748-A67D-4E5F-941D-EC80928D79D6}.Release|x64.ActiveCfg = Release|x64
		{0593D748-A67D-4E5F-941D-EC80928D79D6}.Release|x64.Build.0 = Release|x64
		{0593D748-A67D-4E5F-941D-EC80928D79D6}.Release|x86.ActiveCfg = Release|Win32
		{0593D748-A67D-4E5F-941D-EC80928D79D6}.Release|x86.Build.0 = Release|Win32
		{E96870D6-D5D2-4C12-9881-01BD92520EB0}.Debug|x64.ActiveCfg = Debug|x64
		{E96870D6-D5D2-4C12-9881-01BD92520EB0}.Debug|x64.Build.0 = Debug|x64
		{E96870D6-D5D2-4C12-9881-01BD92520EB0}.Debug|x86.ActiveCfg = Debug|Win32
		{E96870D6-D5D2-4C12-9881-01BD92520EB0}.Debug|x86.Build.0 = Debug|Win32
		{E96870D6-D5D2-4C12-9881-01BD92520EB0}.Release|x64.ActiveCfg = Release|x64
		{E96870D6-D5D2-4C12-9881-01BD92520EB0}.Release|x64.Build.0 = Release|x64
		{E96870D6-D5D2-4C12-9881-01BD92520EB0}.Release|x86.ActiveCfg = Release|Win32
		{E96870D6-D5D2-4C12-9881-01BD92520EB0}.Release|x86.Build.0 = Release|Win32
		{A8871734-8F26-459F-986F-9CAB28599290}.Debug|x64.ActiveCfg = Debug|x64
		{A8871734-8F26-459F-986F-9CAB28599290}.Debug|x64.Build.0 = Debug|x64
		{A8871734-8F26-459F-986F-9CAB28599290}.Debug|x86.ActiveCfg = Debug|Win32
		{A8871734-8F26-459F-986F-9CAB28599290}.Debug|x86.Build.0 = Debug|Win32
		{A8871734-8F26-459F-986F-9CAB28599290}.Release|x64.ActiveCfg = Release|x64
		{A8871734-8F26-459F-986F-9CAB28599290}.Release|x64.Build.0 = Release|x64
		{A8871734-8F26-459F-986F-9CAB28599290}.Release|x86.ActiveCfg = Release|Win32
		{A8871734-8F26-459F-986F-9CAB28599290}.Release|x86.Build.0 = Release|Win32
		{B4856064-932D-4F43-AEC4-CAF027EA618A}.Debug|x64.ActiveCfg = Debug|x64
		{B4856064-932D-4F43-AEC4-CAF027EA618A}.Debug|x64.Build.0 = Debug|x64
		{B4856064-932D-4F43-AEC4-CAF027EA618A}.Debug|x86.ActiveCfg = Debug|Win32
		{B4856064-932D-4F43-AEC4-CAF027EA618A}.Debug|x86.Build.0 = Debug|Win32
		{B4856064-932D-4F43-AEC4-CAF027EA618A}.Release|x64.ActiveCfg = Release|x64
		{B4856064-932D-4F43-AEC4-CAF027EA618A}.Release|x64.Build.0 = Release|x64
		{B4856064-932D-4F43-AEC4-CAF027EA618A}.Release|x86.ActiveCfg = Release|Win32
		{B4856064-932D-4F43-AEC4-CAF027EA618A}.Release|x86.Build.0 = Release|Win32
		{152744E8-C2AD-452D-9F6F-597F3B922AB1}.Debug|x64.ActiveCfg = Debug|x64
		{152744E8-C2AD-452D-9F6F-597F3B922AB1}.Debug|x64.Build.0 = Debug|x64
		{152744E8-C2AD-452D-9F6F-597F3B922AB1}.Debug|x86.ActiveCfg = Debug|Win32
		{152744E8-C2AD-452D-9F6F-597F3B922AB1}.Debug|x86.Build.0 = Debug|Win32
		{152744E8-C2AD-452D-9F6F-597F3B922AB1}.Release|x64.ActiveCfg = Release|x64
		{152744E8-C2AD-452D-9F6F-597F3B922AB1}.Release|x64.Build.0 = Release|x64
		{152744E8-C2AD-452D-9F6F-597F3B922AB1}.Release|x86.ActiveCfg = Release|Win32
		{152744E8-C2AD-452D-9F6F-597F3B922AB1}.Release|x86.Build.0 = Release|Win32
		{A2D43697-A699-4215-A7BE-F01EAFA0D4E9}.Debug|x64.ActiveCfg = Debug|x64
		{A2D43697-A699-4215-A7BE-F01EAFA0D4E9}.Debug|x64.Build.0 = Debug|x64
		{A2D43697-A699-4215-A7BE-F01EAFA0D4E9}.Debug|x86.ActiveCfg = Debug|Win32
		{A2D43697-A699-4215-A7BE-F01EAFA0D4E9}.Debug|x86.Build.0 = Debug|Win32
		{A2D43697-A699-4215-A7BE-F01EAFA0D4E9}.Release|x64.ActiveCfg = Release|x64
		{A2D43697-A699-4215-A7BE-F01EAFA0D4E9}.Release|x64.Build.0 = Release|x64
		{A2D43697-A699-4215-A7BE-F01EAFA0D4E9}.Release|x86.ActiveCfg = Release|Win32
		{A2D43697-A699-4215-A7BE-F01EAFA0D4E9}.Release|x86.Build.0 = Release|Win32
		{1592628F-AF33-48E1-A0C0-D9E973848B22}.Debug|x64.ActiveCfg = Debug|x64
		{1592628F-AF33-48E1-A0C0-D9E973848B22}.Debug|x64.Build.0 = Debug|x64
		{1592628F-AF33-48E1-A0C0-D9E973848B22}.Debug|x86.ActiveCfg = Debug|Win32
		{1592628F-AF33-48E1-A0C0-D9E973848B22}.Debug|x86.Build.0 = Debug|Win32
		{1592628F-AF33-48E1-A0C0-D9E973848B22}.Release|x64.ActiveCfg = Release|x64
		{1592628F-AF33-48E1-A0C0-D9E973848B22}.Release|x64.Build.0 = Release|x64
		{1592628F-AF33-48E1-A0C0-D9E973848B22}.Release|x86.ActiveCfg = Release|Win32
		{1592628F-AF33-48E1-A0C0-D9E973848B22}.Release|x86.Build.0 = Release|Win32
		{3DB2E711-33FB-46C3-80B6-08A24FB7FE30}.Debug|x64.ActiveCfg = Debug|x64
		{3DB2E711-33FB-46C3-80B6-08A24FB7FE30}.Debug|x64.Build.0 = Debug|x64
		{3DB2E711-33FB-46C3-80B6-08A24FB7FE30}.Debug|x86.ActiveCfg = Debug|Win32
		{3DB2E711-33FB-46C3-80B6-08A24FB7FE30}.Debug|x86.Build.0 = Debug|Win32
		{3DB2E711-33FB-46C3-80B6-08A24FB7FE30}.Release|x64.ActiveCfg = Release|x64
		{3DB2E711-33FB-46C3-80B6-08A24FB7FE30}.Release|x64.Build.0 = Release|x64
		{3DB2E711-33FB-46C3-80B6-08A24FB7FE30}.Release|x86.ActiveCfg = Release|Win32
		{3DB2E711-33FB-46C3-80B6-08A24FB7FE30}.Release|x86.Build.0 = Release|Win32
		{7F74C9AA-DA6F-40D5-B24B-D58400259A50}.Debug|x64.ActiveCfg = Debug|x64
		{7F74C9AA-DA6F-40D5-B24B-D58400259A50}.Debug|x64.Build.0 = Debug|x64
		{7F74C9AA-DA6F-40D5-B24B-D58400259A50}.Debug|x86.ActiveCfg = Debug|Win32
		{7F74C9AA-DA6F-40D5-B24B-D58400259A50}.Debug|x86.Build.0 = Debug|Win32
		{7F74C9AA-DA6F-40D5-B24B-D58400259A50}.Release|x64.ActiveCfg = Release|x64
		{7F74C9AA-DA6F-40D5-B24B-D58400259A50}.Release|x64.Build.0 = Release|x64
		{7F74C9AA-DA6F-40D5-B24B-D58400259A50}.Release|x86.ActiveCfg = Release|Win32
		{7F74C9AA-DA6F-40D5-B24B-D58400259A50}.Release|x86.Build.0 = Release|Win32
		{BC36609A-8B2A-4011-9B3C-1680095364AE}.Debug|x64.ActiveCfg = Debug|x64
		{BC36609A-8B2A-4011-9B3C-1680095364AE}.Debug|x64.Build.0 = Debug|x64
		{BC36609A-8B2A-4011-9B3C-1680095364AE}.Debug|x86.ActiveCfg = Debug|Win32
		{BC36609A-8B2A-4011-9B3C-1680095364AE}.Debug|x86.Build.0 = Debug|Win32
		{BC36609A-8B2A-4011-9B3C-1680095364AE}.Release|x64.ActiveCfg = Release|x64
		{BC36609A-8B2A-4011-9B3C-1680095364AE}.Release|x64.Build.0 = Release|x64
		{BC36609A-8B2A-4011-9B3C-1680095364AE}.Release|x86.ActiveCfg = Release|Win32
		{BC36609A-8B2A-4011-9B3C-1680095364AE}.Release|x86.Build.0 = Release|Win32
		{AD8C674B-4A2C-4FB4-8171-1597C41BB71C}.Debug|x64.ActiveCfg = Debug|x64
		{AD8C674B-4A2C-4FB4-8171-1597C41BB71C}.Debug|x64.Build.0 = Debug|x64
		{AD8C674B-4A2C-4FB4-8171-1597C41BB71C}.Debug|x86.ActiveCfg = Debug|Win32
		{AD8C674B-4A2C-4FB4-8171-1597C41BB71C}.Debug|x86.Build.0 = Debug|Win32
		{AD8C674B-4A2C-4FB4-8171-1597C41BB71C}.Release|x64.ActiveCfg = Release|x64
		{AD8C674B-4A2C-4FB4-8171-1597C41BB71C}.Release|x64.Build.0 = Release|x64
		{AD8C674B-4A2C-4FB4-8171-1597C41BB71C}.Release|x86.ActiveCfg = Release|Win32
		{AD8C674B-4A2C-4FB4-8171-1597C41BB71C}.Release|x86.Build.0 = Release|Win32
		{FDE968A6-FE58-4C62-9B8C-148955EFB6E0}.Debug|x64.ActiveCfg = Debug|x64
		{FDE968A6-FE58-4C62-9B8C-148955EFB6E0}.Debug|x64.Build.0 = Debug|x64
		{FDE968A6-FE58-4C62-9B8C-148955EFB6E0}.Debug|x86.ActiveCfg = Debug|Win32
		{FDE968A6-FE58-4C62-9B8C-148955EFB6E0}.Debug|x86.Build.0 = Debug|Win32
		{FDE968A6-FE58-4C62-9B8C-148955EFB6E0}.Release|x64.ActiveCfg = Release|x64
		{FDE968A6-FE58-4C62-9B8C-148955EFB6E0}.Release|x64.Build.0 = Release|x64
		{FDE968A6-FE58-4C62-9B8C-148955EFB6E0}.Release|x86.ActiveCfg = Release|Win32
		{FDE968A6-FE58-4C62-9B8C-148955EFB6E0}.Release|x86.Build.0 = Release|Win32
	EndGlobalSection
	GlobalSection(SolutionProperties) = preSolution
		HideSolutionNode = FALSE
	EndGlobalSection
	GlobalSection(ExtensibilityGlobals) = postSolution
		SolutionGuid = {0F2F2866-B758-45FC-B33D-8B17B4E08F8E}
	EndGlobalSection
EndGlobal
