
Microsoft Visual Studio Solution File, Format Version 12.00
# Visual Studio Version 17
VisualStudioVersion = 17.7.34202.233
MinimumVisualStudioVersion = 10.0.40219.1
Project("{FAE04EC0-301F-11D3-BF4B-00C04F79EFBC}") = "MyProject1", "MyProject1\MyProject1.csproj", "{F48A14ED-5B5A-44D0-835B-C5DD80F6DEE5}"
EndProject
Global
	GlobalSection(SolutionConfigurationPlatforms) = preSolution
		Debug|Any CPU = Debug|Any CPU
		Release|Any CPU = Release|Any CPU
	EndGlobalSection
	GlobalSection(ProjectConfigurationPlatforms) = postSolution
		{F48A14ED-5B5A-44D0-835B-C5DD80F6DEE5}.Debug|Any CPU.ActiveCfg = Debug|Any CPU
		{F48A14ED-5B5A-44D0-835B-C5DD80F6DEE5}.Debug|Any CPU.Build.0 = Debug|Any CPU
		{F48A14ED-5B5A-44D0-835B-C5DD80F6DEE5}.Release|Any CPU.ActiveCfg = Release|Any CPU
		{F48A14ED-5B5A-44D0-835B-C5DD80F6DEE5}.Release|Any CPU.Build.0 = Release|Any CPU
	EndGlobalSection
	GlobalSection(SolutionProperties) = preSolution
		HideSolutionNode = FALSE
	EndGlobalSection
	GlobalSection(ExtensibilityGlobals) = postSolution
		SolutionGuid = {002A8439-8B68-4891-9AA9-56BE904E5252}
	EndGlobalSection
EndGlobal
